
Microsoft Visual Studio Solution File, Format Version 12.00
Project("{FAE04EC0-301F-11D3-BF4B-00C04F79EFBC}") = "Tester", "Tester\Tester.csproj", "{A08A1109-C0FC-4D8C-A903-6DD0D296574D}"
EndProject
Project("{FAE04EC0-301F-11D3-BF4B-00C04F79EFBC}") = "simple-clean-code", "simple-clean-code\simple-clean-code.csproj", "{579CF338-C65E-43E7-971D-C8981AA72782}"
EndProject
Global
	GlobalSection(SolutionConfigurationPlatforms) = preSolution
		Debug|Any CPU = Debug|Any CPU
		Release|Any CPU = Release|Any CPU
	EndGlobalSection
	GlobalSection(ProjectConfigurationPlatforms) = postSolution
		{A08A1109-C0FC-4D8C-A903-6DD0D296574D}.Debug|Any CPU.ActiveCfg = Debug|Any CPU
		{A08A1109-C0FC-4D8C-A903-6DD0D296574D}.Debug|Any CPU.Build.0 = Debug|Any CPU
		{A08A1109-C0FC-4D8C-A903-6DD0D296574D}.Release|Any CPU.ActiveCfg = Release|Any CPU
		{A08A1109-C0FC-4D8C-A903-6DD0D296574D}.Release|Any CPU.Build.0 = Release|Any CPU
		{579CF338-C65E-43E7-971D-C8981AA72782}.Debug|Any CPU.ActiveCfg = Debug|Any CPU
		{579CF338-C65E-43E7-971D-C8981AA72782}.Debug|Any CPU.Build.0 = Debug|Any CPU
		{579CF338-C65E-43E7-971D-C8981AA72782}.Release|Any CPU.ActiveCfg = Release|Any CPU
		{579CF338-C65E-43E7-971D-C8981AA72782}.Release|Any CPU.Build.0 = Release|Any CPU
	EndGlobalSection
EndGlobal
